
Microsoft Visual Studio Solution File, Format Version 12.00
# Visual Studio 15
VisualStudioVersion = 15.0.27703.2035
MinimumVisualStudioVersion = 10.0.40219.1
Project("{FAE04EC0-301F-11D3-BF4B-00C04F79EFBC}") = "RaidLobbyBot", "RaidLobbyBot\RaidLobbyBot.csproj", "{DFBCF700-AFB9-4271-BDC1-A32C3C3D2BB1}"
EndProject
Global
	GlobalSection(SolutionConfigurationPlatforms) = preSolution
		Debug|Any CPU = Debug|Any CPU
		Release|Any CPU = Release|Any CPU
	EndGlobalSection
	GlobalSection(ProjectConfigurationPlatforms) = postSolution
		{DFBCF700-AFB9-4271-BDC1-A32C3C3D2BB1}.Debug|Any CPU.ActiveCfg = Debug|Any CPU
		{DFBCF700-AFB9-4271-BDC1-A32C3C3D2BB1}.Debug|Any CPU.Build.0 = Debug|Any CPU
		{DFBCF700-AFB9-4271-BDC1-A32C3C3D2BB1}.Release|Any CPU.ActiveCfg = Release|Any CPU
		{DFBCF700-AFB9-4271-BDC1-A32C3C3D2BB1}.Release|Any CPU.Build.0 = Release|Any CPU
	EndGlobalSection
	GlobalSection(SolutionProperties) = preSolution
		HideSolutionNode = FALSE
	EndGlobalSection
	GlobalSection(ExtensibilityGlobals) = postSolution
		SolutionGuid = {94EEA9F1-A18B-4519-ADF7-3A5D50F10C0D}
	EndGlobalSection
EndGlobal
